# This file is autogenerated, do not edit; changes may be undone by the next 'dep ensure'.


[[projects]]
  digest = "1:9f3b30d9f8e0d7040f729b82dcbc8f0dead820a133b3147ce355fc451f32d761"
  name = "github.com/BurntSushi/toml"
  packages = ["."]
  pruneopts = "UT"
  revision = "3012a1dbe2e4bd1391d42b32f0577cb7bbc7f005"
  version = "v0.3.1"

[[projects]]
  digest = "1:573fa46f8d413d4bc3f7cc5e86b2c43cb21559f4fb0a19d9874d228e28fdc07c"
  name = "github.com/PuerkitoBio/goquery"
  packages = ["."]
  pruneopts = "UT"
  revision = "2d2796f41742ece03e8086188fa4db16a3a0b458"
  version = "v1.5.0"

[[projects]]
  digest = "1:66b3310cf22cdc96c35ef84ede4f7b9b370971c4025f394c89a2638729653b11"
  name = "github.com/andybalholm/cascadia"
  packages = ["."]
  pruneopts = "UT"
  revision = "901648c87902174f774fac311d7f176f8647bdaa"
  version = "v1.0.0"

[[projects]]
  digest = "1:0594af97b2f4cec6554086eeace6597e20a4b69466eb4ada25adf9f4300dddd2"
  name = "github.com/garyburd/redigo"
  packages = [
    "internal",
    "redis",
  ]
  pruneopts = "UT"
  revision = "a69d19351219b6dd56f274f96d85a7014a2ec34e"
  version = "v1.6.0"

[[projects]]
  branch = "master"
  digest = "1:76782aa805ed34c94aeb1629bc2bbdc0be950856a7594d5bfa7358ce41570b8c"
  name = "github.com/hiromaily/golibs"
  packages = [
    "cipher/encryption",
    "color",
    "db/redis",
    "heroku",
    "log",
    "mail",
    "runtimes",
    "signal",
    "time",
    "tmpl",
    "utils",
  ]
  pruneopts = "UT"
  revision = "a0a5935b92212ed12afd4e53e4c9c36e9ed63d31"

[[projects]]
  branch = "master"
  digest = "1:1235bd185006c1bbdc4292ec1942974469ba1a37ab6bbb73850d75b2bd952efc"
  name = "golang.org/x/net"
  packages = [
    "html",
    "html/atom",
  ]
  pruneopts = "UT"
  revision = "d26f9f9a57f3fab6a695bec0d84433c2c50f8bbf"

[solve-meta]
  analyzer-name = "dep"
  analyzer-version = 1
  input-imports = [
    "github.com/BurntSushi/toml",
    "github.com/PuerkitoBio/goquery",
    "github.com/garyburd/redigo/redis",
    "github.com/hiromaily/golibs/cipher/encryption",
    "github.com/hiromaily/golibs/db/redis",
    "github.com/hiromaily/golibs/heroku",
    "github.com/hiromaily/golibs/log",
    "github.com/hiromaily/golibs/mail",
    "github.com/hiromaily/golibs/runtimes",
    "github.com/hiromaily/golibs/signal",
    "github.com/hiromaily/golibs/time",
    "github.com/hiromaily/golibs/tmpl",
    "github.com/hiromaily/golibs/utils",
  ]
  solver-name = "gps-cdcl"
  solver-version = 1
